// !$*UTF8*$!
{
	archiveVersion = 1;
	classes = {
	};
	objectVersion = 48;
	objects = {

/* Begin PBXBuildFile section */
		91D3084020AA270F00DA53EB /* backButtonDelegate.swift in Sources */ = {isa = PBXBuildFile; fileRef = 91D3083F20AA270F00DA53EB /* backButtonDelegate.swift */; };
		91D3084320AA50AD00DA53EB /* ToDoList.xcdatamodeld in Sources */ = {isa = PBXBuildFile; fileRef = 91D3084120AA50AD00DA53EB /* ToDoList.xcdatamodeld */; };
		91DDFC2920A899BD00DD47FA /* AppDelegate.swift in Sources */ = {isa = PBXBuildFile; fileRef = 91DDFC2820A899BD00DD47FA /* AppDelegate.swift */; };
		91DDFC2B20A899BD00DD47FA /* ToDoViewController.swift in Sources */ = {isa = PBXBuildFile; fileRef = 91DDFC2A20A899BD00DD47FA /* ToDoViewController.swift */; };
		91DDFC2E20A899BD00DD47FA /* Main.storyboard in Resources */ = {isa = PBXBuildFile; fileRef = 91DDFC2C20A899BD00DD47FA /* Main.storyboard */; };
		91DDFC3020A899BD00DD47FA /* Assets.xcassets in Resources */ = {isa = PBXBuildFile; fileRef = 91DDFC2F20A899BD00DD47FA /* Assets.xcassets */; };
		91DDFC3320A899BD00DD47FA /* LaunchScreen.storyboard in Resources */ = {isa = PBXBuildFile; fileRef = 91DDFC3120A899BD00DD47FA /* LaunchScreen.storyboard */; };
		91DDFC3E20A899BD00DD47FA /* ToDoListTests.swift in Sources */ = {isa = PBXBuildFile; fileRef = 91DDFC3D20A899BD00DD47FA /* ToDoListTests.swift */; };
		91DDFC4920A899BD00DD47FA /* ToDoListUITests.swift in Sources */ = {isa = PBXBuildFile; fileRef = 91DDFC4820A899BD00DD47FA /* ToDoListUITests.swift */; };
		91DDFC5720A8A2BB00DD47FA /* ToDoTableViewController.swift in Sources */ = {isa = PBXBuildFile; fileRef = 91DDFC5620A8A2BB00DD47FA /* ToDoTableViewController.swift */; };
		91DDFC5920A8A82C00DD47FA /* ToDoTableViewCell.swift in Sources */ = {isa = PBXBuildFile; fileRef = 91DDFC5820A8A82C00DD47FA /* ToDoTableViewCell.swift */; };
		91DDFC5B20AA0D5800DD47FA /* AddItemButtonDelegate.swift in Sources */ = {isa = PBXBuildFile; fileRef = 91DDFC5A20AA0D5800DD47FA /* AddItemButtonDelegate.swift */; };
/* End PBXBuildFile section */

/* Begin PBXContainerItemProxy section */
		91DDFC3A20A899BD00DD47FA /* PBXContainerItemProxy */ = {
			isa = PBXContainerItemProxy;
			containerPortal = 91DDFC1D20A899BD00DD47FA /* Project object */;
			proxyType = 1;
			remoteGlobalIDString = 91DDFC2420A899BD00DD47FA;
			remoteInfo = ToDoList;
		};
		91DDFC4520A899BD00DD47FA /* PBXContainerItemProxy */ = {
			isa = PBXContainerItemProxy;
			containerPortal = 91DDFC1D20A899BD00DD47FA /* Project object */;
			proxyType = 1;
			remoteGlobalIDString = 91DDFC2420A899BD00DD47FA;
			remoteInfo = ToDoList;
		};
/* End PBXContainerItemProxy section */

/* Begin PBXFileReference section */
		91D3083F20AA270F00DA53EB /* backButtonDelegate.swift */ = {isa = PBXFileReference; lastKnownFileType = sourcecode.swift; path = backButtonDelegate.swift; sourceTree = "<group>"; };
		91D3084220AA50AD00DA53EB /* ToDoList.xcdatamodel */ = {isa = PBXFileReference; lastKnownFileType = wrapper.xcdatamodel; path = ToDoList.xcdatamodel; sourceTree = "<group>"; };
		91DDFC2520A899BD00DD47FA /* ToDoList.app */ = {isa = PBXFileReference; explicitFileType = wrapper.application; includeInIndex = 0; path = ToDoList.app; sourceTree = BUILT_PRODUCTS_DIR; };
		91DDFC2820A899BD00DD47FA /* AppDelegate.swift */ = {isa = PBXFileReference; lastKnownFileType = sourcecode.swift; path = AppDelegate.swift; sourceTree = "<group>"; };
		91DDFC2A20A899BD00DD47FA /* ToDoViewController.swift */ = {isa = PBXFileReference; lastKnownFileType = sourcecode.swift; path = ToDoViewController.swift; sourceTree = "<group>"; };
		91DDFC2D20A899BD00DD47FA /* Base */ = {isa = PBXFileReference; lastKnownFileType = file.storyboard; name = Base; path = Base.lproj/Main.storyboard; sourceTree = "<group>"; };
		91DDFC2F20A899BD00DD47FA /* Assets.xcassets */ = {isa = PBXFileReference; lastKnownFileType = folder.assetcatalog; path = Assets.xcassets; sourceTree = "<group>"; };
		91DDFC3220A899BD00DD47FA /* Base */ = {isa = PBXFileReference; lastKnownFileType = file.storyboard; name = Base; path = Base.lproj/LaunchScreen.storyboard; sourceTree = "<group>"; };
		91DDFC3420A899BD00DD47FA /* Info.plist */ = {isa = PBXFileReference; lastKnownFileType = text.plist.xml; path = Info.plist; sourceTree = "<group>"; };
		91DDFC3920A899BD00DD47FA /* ToDoListTests.xctest */ = {isa = PBXFileReference; explicitFileType = wrapper.cfbundle; includeInIndex = 0; path = ToDoListTests.xctest; sourceTree = BUILT_PRODUCTS_DIR; };
		91DDFC3D20A899BD00DD47FA /* ToDoListTests.swift */ = {isa = PBXFileReference; lastKnownFileType = sourcecode.swift; path = ToDoListTests.swift; sourceTree = "<group>"; };
		91DDFC3F20A899BD00DD47FA /* Info.plist */ = {isa = PBXFileReference; lastKnownFileType = text.plist.xml; path = Info.plist; sourceTree = "<group>"; };
		91DDFC4420A899BD00DD47FA /* ToDoListUITests.xctest */ = {isa = PBXFileReference; explicitFileType = wrapper.cfbundle; includeInIndex = 0; path = ToDoListUITests.xctest; sourceTree = BUILT_PRODUCTS_DIR; };
		91DDFC4820A899BD00DD47FA /* ToDoListUITests.swift */ = {isa = PBXFileReference; lastKnownFileType = sourcecode.swift; path = ToDoListUITests.swift; sourceTree = "<group>"; };
		91DDFC4A20A899BD00DD47FA /* Info.plist */ = {isa = PBXFileReference; lastKnownFileType = text.plist.xml; path = Info.plist; sourceTree = "<group>"; };
		91DDFC5620A8A2BB00DD47FA /* ToDoTableViewController.swift */ = {isa = PBXFileReference; lastKnownFileType = sourcecode.swift; path = ToDoTableViewController.swift; sourceTree = "<group>"; };
		91DDFC5820A8A82C00DD47FA /* ToDoTableViewCell.swift */ = {isa = PBXFileReference; lastKnownFileType = sourcecode.swift; path = ToDoTableViewCell.swift; sourceTree = "<group>"; };
		91DDFC5A20AA0D5800DD47FA /* AddItemButtonDelegate.swift */ = {isa = PBXFileReference; lastKnownFileType = sourcecode.swift; path = AddItemButtonDelegate.swift; sourceTree = "<group>"; };
/* End PBXFileReference section */

/* Begin PBXFrameworksBuildPhase section */
		91DDFC2220A899BD00DD47FA /* Frameworks */ = {
			isa = PBXFrameworksBuildPhase;
			buildActionMask = 2147483647;
			files = (
			);
			runOnlyForDeploymentPostprocessing = 0;
		};
		91DDFC3620A899BD00DD47FA /* Frameworks */ = {
			isa = PBXFrameworksBuildPhase;
			buildActionMask = 2147483647;
			files = (
			);
			runOnlyForDeploymentPostprocessing = 0;
		};
		91DDFC4120A899BD00DD47FA /* Frameworks */ = {
			isa = PBXFrameworksBuildPhase;
			buildActionMask = 2147483647;
			files = (
			);
			runOnlyForDeploymentPostprocessing = 0;
		};
/* End PBXFrameworksBuildPhase section */

/* Begin PBXGroup section */
		91DDFC1C20A899BD00DD47FA = {
			isa = PBXGroup;
			children = (
				91D3083F20AA270F00DA53EB /* backButtonDelegate.swift */,
				91DDFC2720A899BD00DD47FA /* ToDoList */,
				91DDFC3C20A899BD00DD47FA /* ToDoListTests */,
				91DDFC4720A899BD00DD47FA /* ToDoListUITests */,
				91DDFC2620A899BD00DD47FA /* Products */,
			);
			sourceTree = "<group>";
		};
		91DDFC2620A899BD00DD47FA /* Products */ = {
			isa = PBXGroup;
			children = (
				91DDFC2520A899BD00DD47FA /* ToDoList.app */,
				91DDFC3920A899BD00DD47FA /* ToDoListTests.xctest */,
				91DDFC4420A899BD00DD47FA /* ToDoListUITests.xctest */,
			);
			name = Products;
			sourceTree = "<group>";
		};
		91DDFC2720A899BD00DD47FA /* ToDoList */ = {
			isa = PBXGroup;
			children = (
				91DDFC2820A899BD00DD47FA /* AppDelegate.swift */,
				91D3084120AA50AD00DA53EB /* ToDoList.xcdatamodeld */,
				91DDFC2A20A899BD00DD47FA /* ToDoViewController.swift */,
				91DDFC5620A8A2BB00DD47FA /* ToDoTableViewController.swift */,
				91DDFC5820A8A82C00DD47FA /* ToDoTableViewCell.swift */,
				91DDFC5A20AA0D5800DD47FA /* AddItemButtonDelegate.swift */,
				91DDFC2C20A899BD00DD47FA /* Main.storyboard */,
				91DDFC2F20A899BD00DD47FA /* Assets.xcassets */,
				91DDFC3120A899BD00DD47FA /* LaunchScreen.storyboard */,
				91DDFC3420A899BD00DD47FA /* Info.plist */,
			);
			path = ToDoList;
			sourceTree = "<group>";
		};
		91DDFC3C20A899BD00DD47FA /* ToDoListTests */ = {
			isa = PBXGroup;
			children = (
				91DDFC3D20A899BD00DD47FA /* ToDoListTests.swift */,
				91DDFC3F20A899BD00DD47FA /* Info.plist */,
			);
			path = ToDoListTests;
			sourceTree = "<group>";
		};
		91DDFC4720A899BD00DD47FA /* ToDoListUITests */ = {
			isa = PBXGroup;
			children = (
				91DDFC4820A899BD00DD47FA /* ToDoListUITests.swift */,
				91DDFC4A20A899BD00DD47FA /* Info.plist */,
			);
			path = ToDoListUITests;
			sourceTree = "<group>";
		};
/* End PBXGroup section */

/* Begin PBXNativeTarget section */
		91DDFC2420A899BD00DD47FA /* ToDoList */ = {
			isa = PBXNativeTarget;
			buildConfigurationList = 91DDFC4D20A899BD00DD47FA /* Build configuration list for PBXNativeTarget "ToDoList" */;
			buildPhases = (
				91DDFC2120A899BD00DD47FA /* Sources */,
				91DDFC2220A899BD00DD47FA /* Frameworks */,
				91DDFC2320A899BD00DD47FA /* Resources */,
			);
			buildRules = (
			);
			dependencies = (
			);
			name = ToDoList;
			productName = ToDoList;
			productReference = 91DDFC2520A899BD00DD47FA /* ToDoList.app */;
			productType = "com.apple.product-type.application";
		};
		91DDFC3820A899BD00DD47FA /* ToDoListTests */ = {
			isa = PBXNativeTarget;
			buildConfigurationList = 91DDFC5020A899BD00DD47FA /* Build configuration list for PBXNativeTarget "ToDoListTests" */;
			buildPhases = (
				91DDFC3520A899BD00DD47FA /* Sources */,
				91DDFC3620A899BD00DD47FA /* Frameworks */,
				91DDFC3720A899BD00DD47FA /* Resources */,
			);
			buildRules = (
			);
			dependencies = (
				91DDFC3B20A899BD00DD47FA /* PBXTargetDependency */,
			);
			name = ToDoListTests;
			productName = ToDoListTests;
			productReference = 91DDFC3920A899BD00DD47FA /* ToDoListTests.xctest */;
			productType = "com.apple.product-type.bundle.unit-test";
		};
		91DDFC4320A899BD00DD47FA /* ToDoListUITests */ = {
			isa = PBXNativeTarget;
			buildConfigurationList = 91DDFC5320A899BD00DD47FA /* Build configuration list for PBXNativeTarget "ToDoListUITests" */;
			buildPhases = (
				91DDFC4020A899BD00DD47FA /* Sources */,
				91DDFC4120A899BD00DD47FA /* Frameworks */,
				91DDFC4220A899BD00DD47FA /* Resources */,
			);
			buildRules = (
			);
			dependencies = (
				91DDFC4620A899BD00DD47FA /* PBXTargetDependency */,
			);
			name = ToDoListUITests;
			productName = ToDoListUITests;
			productReference = 91DDFC4420A899BD00DD47FA /* ToDoListUITests.xctest */;
			productType = "com.apple.product-type.bundle.ui-testing";
		};
/* End PBXNativeTarget section */

/* Begin PBXProject section */
		91DDFC1D20A899BD00DD47FA /* Project object */ = {
			isa = PBXProject;
			attributes = {
				LastSwiftUpdateCheck = 0920;
				LastUpgradeCheck = 0920;
				ORGANIZATIONNAME = "Sadie Flick";
				TargetAttributes = {
					91DDFC2420A899BD00DD47FA = {
						CreatedOnToolsVersion = 9.2;
						ProvisioningStyle = Automatic;
					};
					91DDFC3820A899BD00DD47FA = {
						CreatedOnToolsVersion = 9.2;
						ProvisioningStyle = Automatic;
						TestTargetID = 91DDFC2420A899BD00DD47FA;
					};
					91DDFC4320A899BD00DD47FA = {
						CreatedOnToolsVersion = 9.2;
						ProvisioningStyle = Automatic;
						TestTargetID = 91DDFC2420A899BD00DD47FA;
					};
				};
			};
			buildConfigurationList = 91DDFC2020A899BD00DD47FA /* Build configuration list for PBXProject "ToDoList" */;
			compatibilityVersion = "Xcode 8.0";
			developmentRegion = en;
			hasScannedForEncodings = 0;
			knownRegions = (
				en,
				Base,
			);
			mainGroup = 91DDFC1C20A899BD00DD47FA;
			productRefGroup = 91DDFC2620A899BD00DD47FA /* Products */;
			projectDirPath = "";
			projectRoot = "";
			targets = (
				91DDFC2420A899BD00DD47FA /* ToDoList */,
				91DDFC3820A899BD00DD47FA /* ToDoListTests */,
				91DDFC4320A899BD00DD47FA /* ToDoListUITests */,
			);
		};
/* End PBXProject section */

/* Begin PBXResourcesBuildPhase section */
		91DDFC2320A899BD00DD47FA /* Resources */ = {
			isa = PBXResourcesBuildPhase;
			buildActionMask = 2147483647;
			files = (
				91DDFC3320A899BD00DD47FA /* LaunchScreen.storyboard in Resources */,
				91DDFC3020A899BD00DD47FA /* Assets.xcassets in Resources */,
				91DDFC2E20A899BD00DD47FA /* Main.storyboard in Resources */,
			);
			runOnlyForDeploymentPostprocessing = 0;
		};
		91DDFC3720A899BD00DD47FA /* Resources */ = {
			isa = PBXResourcesBuildPhase;
			buildActionMask = 2147483647;
			files = (
			);
			runOnlyForDeploymentPostprocessing = 0;
		};
		91DDFC4220A899BD00DD47FA /* Resources */ = {
			isa = PBXResourcesBuildPhase;
			buildActionMask = 2147483647;
			files = (
			);
			runOnlyForDeploymentPostprocessing = 0;
		};
/* End PBXResourcesBuildPhase section */

/* Begin PBXSourcesBuildPhase section */
		91DDFC2120A899BD00DD47FA /* Sources */ = {
			isa = PBXSourcesBuildPhase;
			buildActionMask = 2147483647;
			files = (
				91DDFC2B20A899BD00DD47FA /* ToDoViewController.swift in Sources */,
				91DDFC5720A8A2BB00DD47FA /* ToDoTableViewController.swift in Sources */,
				91DDFC5B20AA0D5800DD47FA /* AddItemButtonDelegate.swift in Sources */,
				91DDFC2920A899BD00DD47FA /* AppDelegate.swift in Sources */,
				91DDFC5920A8A82C00DD47FA /* ToDoTableViewCell.swift in Sources */,
				91D3084020AA270F00DA53EB /* backButtonDelegate.swift in Sources */,
				91D3084320AA50AD00DA53EB /* ToDoList.xcdatamodeld in Sources */,
			);
			runOnlyForDeploymentPostprocessing = 0;
		};
		91DDFC3520A899BD00DD47FA /* Sources */ = {
			isa = PBXSourcesBuildPhase;
			buildActionMask = 2147483647;
			files = (
				91DDFC3E20A899BD00DD47FA /* ToDoListTests.swift in Sources */,
			);
			runOnlyForDeploymentPostprocessing = 0;
		};
		91DDFC4020A899BD00DD47FA /* Sources */ = {
			isa = PBXSourcesBuildPhase;
			buildActionMask = 2147483647;
			files = (
				91DDFC4920A899BD00DD47FA /* ToDoListUITests.swift in Sources */,
			);
			runOnlyForDeploymentPostprocessing = 0;
		};
/* End PBXSourcesBuildPhase section */

/* Begin PBXTargetDependency section */
		91DDFC3B20A899BD00DD47FA /* PBXTargetDependency */ = {
			isa = PBXTargetDependency;
			target = 91DDFC2420A899BD00DD47FA /* ToDoList */;
			targetProxy = 91DDFC3A20A899BD00DD47FA /* PBXContainerItemProxy */;
		};
		91DDFC4620A899BD00DD47FA /* PBXTargetDependency */ = {
			isa = PBXTargetDependency;
			target = 91DDFC2420A899BD00DD47FA /* ToDoList */;
			targetProxy = 91DDFC4520A899BD00DD47FA /* PBXContainerItemProxy */;
		};
/* End PBXTargetDependency section */

/* Begin PBXVariantGroup section */
		91DDFC2C20A899BD00DD47FA /* Main.storyboard */ = {
			isa = PBXVariantGroup;
			children = (
				91DDFC2D20A899BD00DD47FA /* Base */,
			);
			name = Main.storyboard;
			sourceTree = "<group>";
		};
		91DDFC3120A899BD00DD47FA /* LaunchScreen.storyboard */ = {
			isa = PBXVariantGroup;
			children = (
				91DDFC3220A899BD00DD47FA /* Base */,
			);
			name = LaunchScreen.storyboard;
			sourceTree = "<group>";
		};
/* End PBXVariantGroup section */

/* Begin XCBuildConfiguration section */
		91DDFC4B20A899BD00DD47FA /* Debug */ = {
			isa = XCBuildConfiguration;
			buildSettings = {
				ALWAYS_SEARCH_USER_PATHS = NO;
				CLANG_ANALYZER_NONNULL = YES;
				CLANG_ANALYZER_NUMBER_OBJECT_CONVERSION = YES_AGGRESSIVE;
				CLANG_CXX_LANGUAGE_STANDARD = "gnu++14";
				CLANG_CXX_LIBRARY = "libc++";
				CLANG_ENABLE_MODULES = YES;
				CLANG_ENABLE_OBJC_ARC = YES;
				CLANG_WARN_BLOCK_CAPTURE_AUTORELEASING = YES;
				CLANG_WARN_BOOL_CONVERSION = YES;
				CLANG_WARN_COMMA = YES;
				CLANG_WARN_CONSTANT_CONVERSION = YES;
				CLANG_WARN_DIRECT_OBJC_ISA_USAGE = YES_ERROR;
				CLANG_WARN_DOCUMENTATION_COMMENTS = YES;
				CLANG_WARN_EMPTY_BODY = YES;
				CLANG_WARN_ENUM_CONVERSION = YES;
				CLANG_WARN_INFINITE_RECURSION = YES;
				CLANG_WARN_INT_CONVERSION = YES;
				CLANG_WARN_NON_LITERAL_NULL_CONVERSION = YES;
				CLANG_WARN_OBJC_LITERAL_CONVERSION = YES;
				CLANG_WARN_OBJC_ROOT_CLASS = YES_ERROR;
				CLANG_WARN_RANGE_LOOP_ANALYSIS = YES;
				CLANG_WARN_STRICT_PROTOTYPES = YES;
				CLANG_WARN_SUSPICIOUS_MOVE = YES;
				CLANG_WARN_UNGUARDED_AVAILABILITY = YES_AGGRESSIVE;
				CLANG_WARN_UNREACHABLE_CODE = YES;
				CLANG_WARN__DUPLICATE_METHOD_MATCH = YES;
				CODE_SIGN_IDENTITY = "iPhone Developer";
				COPY_PHASE_STRIP = NO;
				DEBUG_INFORMATION_FORMAT = dwarf;
				ENABLE_STRICT_OBJC_MSGSEND = YES;
				ENABLE_TESTABILITY = YES;
				GCC_C_LANGUAGE_STANDARD = gnu11;
				GCC_DYNAMIC_NO_PIC = NO;
				GCC_NO_COMMON_BLOCKS = YES;
				GCC_OPTIMIZATION_LEVEL = 0;
				GCC_PREPROCESSOR_DEFINITIONS = (
					"DEBUG=1",
					"$(inherited)",
				);
				GCC_WARN_64_TO_32_BIT_CONVERSION = YES;
				GCC_WARN_ABOUT_RETURN_TYPE = YES_ERROR;
				GCC_WARN_UNDECLARED_SELECTOR = YES;
				GCC_WARN_UNINITIALIZED_AUTOS = YES_AGGRESSIVE;
				GCC_WARN_UNUSED_FUNCTION = YES;
				GCC_WARN_UNUSED_VARIABLE = YES;
				IPHONEOS_DEPLOYMENT_TARGET = 11.2;
				MTL_ENABLE_DEBUG_INFO = YES;
				ONLY_ACTIVE_ARCH = YES;
				SDKROOT = iphoneos;
				SWIFT_ACTIVE_COMPILATION_CONDITIONS = DEBUG;
				SWIFT_OPTIMIZATION_LEVEL = "-Onone";
			};
			name = Debug;
		};
		91DDFC4C20A899BD00DD47FA /* Release */ = {
			isa = XCBuildConfiguration;
			buildSettings = {
				ALWAYS_SEARCH_USER_PATHS = NO;
				CLANG_ANALYZER_NONNULL = YES;
				CLANG_ANALYZER_NUMBER_OBJECT_CONVERSION = YES_AGGRESSIVE;
				CLANG_CXX_LANGUAGE_STANDARD = "gnu++14";
				CLANG_CXX_LIBRARY = "libc++";
				CLANG_ENABLE_MODULES = YES;
				CLANG_ENABLE_OBJC_ARC = YES;
				CLANG_WARN_BLOCK_CAPTURE_AUTORELEASING = YES;
				CLANG_WARN_BOOL_CONVERSION = YES;
				CLANG_WARN_COMMA = YES;
				CLANG_WARN_CONSTANT_CONVERSION = YES;
				CLANG_WARN_DIRECT_OBJC_ISA_USAGE = YES_ERROR;
				CLANG_WARN_DOCUMENTATION_COMMENTS = YES;
				CLANG_WARN_EMPTY_BODY = YES;
				CLANG_WARN_ENUM_CONVERSION = YES;
				CLANG_WARN_INFINITE_RECURSION = YES;
				CLANG_WARN_INT_CONVERSION = YES;
				CLANG_WARN_NON_LITERAL_NULL_CONVERSION = YES;
				CLANG_WARN_OBJC_LITERAL_CONVERSION = YES;
				CLANG_WARN_OBJC_ROOT_CLASS = YES_ERROR;
				CLANG_WARN_RANGE_LOOP_ANALYSIS = YES;
				CLANG_WARN_STRICT_PROTOTYPES = YES;
				CLANG_WARN_SUSPICIOUS_MOVE = YES;
				CLANG_WARN_UNGUARDED_AVAILABILITY = YES_AGGRESSIVE;
				CLANG_WARN_UNREACHABLE_CODE = YES;
				CLANG_WARN__DUPLICATE_METHOD_MATCH = YES;
				CODE_SIGN_IDENTITY = "iPhone Developer";
				COPY_PHASE_STRIP = NO;
				DEBUG_INFORMATION_FORMAT = "dwarf-with-dsym";
				ENABLE_NS_ASSERTIONS = NO;
				ENABLE_STRICT_OBJC_MSGSEND = YES;
				GCC_C_LANGUAGE_STANDARD = gnu11;
				GCC_NO_COMMON_BLOCKS = YES;
				GCC_WARN_64_TO_32_BIT_CONVERSION = YES;
				GCC_WARN_ABOUT_RETURN_TYPE = YES_ERROR;
				GCC_WARN_UNDECLARED_SELECTOR = YES;
				GCC_WARN_UNINITIALIZED_AUTOS = YES_AGGRESSIVE;
				GCC_WARN_UNUSED_FUNCTION = YES;
				GCC_WARN_UNUSED_VARIABLE = YES;
				IPHONEOS_DEPLOYMENT_TARGET = 11.2;
				MTL_ENABLE_DEBUG_INFO = NO;
				SDKROOT = iphoneos;
				SWIFT_OPTIMIZATION_LEVEL = "-Owholemodule";
				VALIDATE_PRODUCT = YES;
			};
			name = Release;
		};
		91DDFC4E20A899BD00DD47FA /* Debug */ = {
			isa = XCBuildConfiguration;
			buildSettings = {
				ASSETCATALOG_COMPILER_APPICON_NAME = AppIcon;
				CODE_SIGN_STYLE = Automatic;
				DEVELOPMENT_TEAM = X539AG7M54;
				INFOPLIST_FILE = ToDoList/Info.plist;
				LD_RUNPATH_SEARCH_PATHS = "$(inherited) @executable_path/Frameworks";
				PRODUCT_BUNDLE_IDENTIFIER = com.sadieflick.ToDoList;
				PRODUCT_NAME = "$(TARGET_NAME)";
				SWIFT_VERSION = 4.0;
				TARGETED_DEVICE_FAMILY = "1,2";
			};
			name = Debug;
		};
		91DDFC4F20A899BD00DD47FA /* Release */ = {
			isa = XCBuildConfiguration;
			buildSettings = {
				ASSETCATALOG_COMPILER_APPICON_NAME = AppIcon;
				CODE_SIGN_STYLE = Automatic;
				DEVELOPMENT_TEAM = X539AG7M54;
				INFOPLIST_FILE = ToDoList/Info.plist;
				LD_RUNPATH_SEARCH_PATHS = "$(inherited) @executable_path/Frameworks";
				PRODUCT_BUNDLE_IDENTIFIER = com.sadieflick.ToDoList;
				PRODUCT_NAME = "$(TARGET_NAME)";
				SWIFT_VERSION = 4.0;
				TARGETED_DEVICE_FAMILY = "1,2";
			};
			name = Release;
		};
		91DDFC5120A899BD00DD47FA /* Debug */ = {
			isa = XCBuildConfiguration;
			buildSettings = {
				ALWAYS_EMBED_SWIFT_STANDARD_LIBRARIES = YES;
				BUNDLE_LOADER = "$(TEST_HOST)";
				CODE_SIGN_STYLE = Automatic;
				INFOPLIST_FILE = ToDoListTests/Info.plist;
				LD_RUNPATH_SEARCH_PATHS = "$(inherited) @executable_path/Frameworks @loader_path/Frameworks";
				PRODUCT_BUNDLE_IDENTIFIER = com.sadieflick.ToDoListTests;
				PRODUCT_NAME = "$(TARGET_NAME)";
				SWIFT_VERSION = 4.0;
				TARGETED_DEVICE_FAMILY = "1,2";
				TEST_HOST = "$(BUILT_PRODUCTS_DIR)/ToDoList.app/ToDoList";
			};
			name = Debug;
		};
		91DDFC5220A899BD00DD47FA /* Release */ = {
			isa = XCBuildConfiguration;
			buildSettings = {
				ALWAYS_EMBED_SWIFT_STANDARD_LIBRARIES = YES;
				BUNDLE_LOADER = "$(TEST_HOST)";
				CODE_SIGN_STYLE = Automatic;
				INFOPLIST_FILE = ToDoListTests/Info.plist;
				LD_RUNPATH_SEARCH_PATHS = "$(inherited) @executable_path/Frameworks @loader_path/Frameworks";
				PRODUCT_BUNDLE_IDENTIFIER = com.sadieflick.ToDoListTests;
				PRODUCT_NAME = "$(TARGET_NAME)";
				SWIFT_VERSION = 4.0;
				TARGETED_DEVICE_FAMILY = "1,2";
				TEST_HOST = "$(BUILT_PRODUCTS_DIR)/ToDoList.app/ToDoList";
			};
			name = Release;
		};
		91DDFC5420A899BD00DD47FA /* Debug */ = {
			isa = XCBuildConfiguration;
			buildSettings = {
				ALWAYS_EMBED_SWIFT_STANDARD_LIBRARIES = YES;
				CODE_SIGN_STYLE = Automatic;
				INFOPLIST_FILE = ToDoListUITests/Info.plist;
				LD_RUNPATH_SEARCH_PATHS = "$(inherited) @executable_path/Frameworks @loader_path/Frameworks";
				PRODUCT_BUNDLE_IDENTIFIER = com.sadieflick.ToDoListUITests;
				PRODUCT_NAME = "$(TARGET_NAME)";
				SWIFT_VERSION = 4.0;
				TARGETED_DEVICE_FAMILY = "1,2";
				TEST_TARGET_NAME = ToDoList;
			};
			name = Debug;
		};
		91DDFC5520A899BD00DD47FA /* Release */ = {
			isa = XCBuildConfiguration;
			buildSettings = {
				ALWAYS_EMBED_SWIFT_STANDARD_LIBRARIES = YES;
				CODE_SIGN_STYLE = Automatic;
				INFOPLIST_FILE = ToDoListUITests/Info.plist;
				LD_RUNPATH_SEARCH_PATHS = "$(inherited) @executable_path/Frameworks @loader_path/Frameworks";
				PRODUCT_BUNDLE_IDENTIFIER = com.sadieflick.ToDoListUITests;
				PRODUCT_NAME = "$(TARGET_NAME)";
				SWIFT_VERSION = 4.0;
				TARGETED_DEVICE_FAMILY = "1,2";
				TEST_TARGET_NAME = ToDoList;
			};
			name = Release;
		};
/* End XCBuildConfiguration section */

/* Begin XCConfigurationList section */
		91DDFC2020A899BD00DD47FA /* Build configuration list for PBXProject "ToDoList" */ = {
			isa = XCConfigurationList;
			buildConfigurations = (
				91DDFC4B20A899BD00DD47FA /* Debug */,
				91DDFC4C20A899BD00DD47FA /* Release */,
			);
			defaultConfigurationIsVisible = 0;
			defaultConfigurationName = Release;
		};
		91DDFC4D20A899BD00DD47FA /* Build configuration list for PBXNativeTarget "ToDoList" */ = {
			isa = XCConfigurationList;
			buildConfigurations = (
				91DDFC4E20A899BD00DD47FA /* Debug */,
				91DDFC4F20A899BD00DD47FA /* Release */,
			);
			defaultConfigurationIsVisible = 0;
			defaultConfigurationName = Release;
		};
		91DDFC5020A899BD00DD47FA /* Build configuration list for PBXNativeTarget "ToDoListTests" */ = {
			isa = XCConfigurationList;
			buildConfigurations = (
				91DDFC5120A899BD00DD47FA /* Debug */,
				91DDFC5220A899BD00DD47FA /* Release */,
			);
			defaultConfigurationIsVisible = 0;
			defaultConfigurationName = Release;
		};
		91DDFC5320A899BD00DD47FA /* Build configuration list for PBXNativeTarget "ToDoListUITests" */ = {
			isa = XCConfigurationList;
			buildConfigurations = (
				91DDFC5420A899BD00DD47FA /* Debug */,
				91DDFC5520A899BD00DD47FA /* Release */,
			);
			defaultConfigurationIsVisible = 0;
			defaultConfigurationName = Release;
		};
/* End XCConfigurationList section */

/* Begin XCVersionGroup section */
		91D3084120AA50AD00DA53EB /* ToDoList.xcdatamodeld */ = {
			isa = XCVersionGroup;
			children = (
				91D3084220AA50AD00DA53EB /* ToDoList.xcdatamodel */,
			);
			currentVersion = 91D3084220AA50AD00DA53EB /* ToDoList.xcdatamodel */;
			path = ToDoList.xcdatamodeld;
			sourceTree = "<group>";
			versionGroupType = wrapper.xcdatamodel;
		};
/* End XCVersionGroup section */
	};
	rootObject = 91DDFC1D20A899BD00DD47FA /* Project object */;
}
